// !$*UTF8*$!
{
	archiveVersion = 1;
	classes = {
	};
	objectVersion = 48;
	objects = {

/* Begin PBXBuildFile section */
		180C85741FB7811500C6D4E0 /* AppDelegate.swift in Sources */ = {isa = PBXBuildFile; fileRef = 180C85731FB7811500C6D4E0 /* AppDelegate.swift */; };
		180C85761FB7811500C6D4E0 /* ViewController.swift in Sources */ = {isa = PBXBuildFile; fileRef = 180C85751FB7811500C6D4E0 /* ViewController.swift */; };
		180C85791FB7811500C6D4E0 /* Main.storyboard in Resources */ = {isa = PBXBuildFile; fileRef = 180C85771FB7811500C6D4E0 /* Main.storyboard */; };
		180C857B1FB7811500C6D4E0 /* Assets.xcassets in Resources */ = {isa = PBXBuildFile; fileRef = 180C857A1FB7811500C6D4E0 /* Assets.xcassets */; };
		180C857E1FB7811500C6D4E0 /* LaunchScreen.storyboard in Resources */ = {isa = PBXBuildFile; fileRef = 180C857C1FB7811500C6D4E0 /* LaunchScreen.storyboard */; };
/* End PBXBuildFile section */

/* Begin PBXFileReference section */
		180C85701FB7811500C6D4E0 /* iOS10Showtime.app */ = {isa = PBXFileReference; explicitFileType = wrapper.application; includeInIndex = 0; path = iOS10Showtime.app; sourceTree = BUILT_PRODUCTS_DIR; };
		180C85731FB7811500C6D4E0 /* AppDelegate.swift */ = {isa = PBXFileReference; lastKnownFileType = sourcecode.swift; path = AppDelegate.swift; sourceTree = "<group>"; };
		180C85751FB7811500C6D4E0 /* ViewController.swift */ = {isa = PBXFileReference; lastKnownFileType = sourcecode.swift; path = ViewController.swift; sourceTree = "<group>"; };
		180C85781FB7811500C6D4E0 /* Base */ = {isa = PBXFileReference; lastKnownFileType = file.storyboard; name = Base; path = Base.lproj/Main.storyboard; sourceTree = "<group>"; };
		180C857A1FB7811500C6D4E0 /* Assets.xcassets */ = {isa = PBXFileReference; lastKnownFileType = folder.assetcatalog; path = Assets.xcassets; sourceTree = "<group>"; };
		180C857D1FB7811500C6D4E0 /* Base */ = {isa = PBXFileReference; lastKnownFileType = file.storyboard; name = Base; path = Base.lproj/LaunchScreen.storyboard; sourceTree = "<group>"; };
		180C857F1FB7811500C6D4E0 /* Info.plist */ = {isa = PBXFileReference; lastKnownFileType = text.plist.xml; path = Info.plist; sourceTree = "<group>"; };
/* End PBXFileReference section */

/* Begin PBXFrameworksBuildPhase section */
		180C856D1FB7811500C6D4E0 /* Frameworks */ = {
			isa = PBXFrameworksBuildPhase;
			buildActionMask = 2147483647;
			files = (
			);
			runOnlyForDeploymentPostprocessing = 0;
		};
/* End PBXFrameworksBuildPhase section */

/* Begin PBXGroup section */
		180C85671FB7811500C6D4E0 = {
			isa = PBXGroup;
			children = (
				180C85721FB7811500C6D4E0 /* iOS10Showtime */,
				180C85711FB7811500C6D4E0 /* Products */,
			);
			sourceTree = "<group>";
		};
		180C85711FB7811500C6D4E0 /* Products */ = {
			isa = PBXGroup;
			children = (
				180C85701FB7811500C6D4E0 /* iOS10Showtime.app */,
			);
			name = Products;
			sourceTree = "<group>";
		};
		180C85721FB7811500C6D4E0 /* iOS10Showtime */ = {
			isa = PBXGroup;
			children = (
				180C85731FB7811500C6D4E0 /* AppDelegate.swift */,
				180C85751FB7811500C6D4E0 /* ViewController.swift */,
				180C85771FB7811500C6D4E0 /* Main.storyboard */,
				180C857A1FB7811500C6D4E0 /* Assets.xcassets */,
				180C857C1FB7811500C6D4E0 /* LaunchScreen.storyboard */,
				180C857F1FB7811500C6D4E0 /* Info.plist */,
			);
			path = iOS10Showtime;
			sourceTree = "<group>";
		};
/* End PBXGroup section */

/* Begin PBXNativeTarget section */
		180C856F1FB7811500C6D4E0 /* iOS10Showtime */ = {
			isa = PBXNativeTarget;
			buildConfigurationList = 180C85821FB7811500C6D4E0 /* Build configuration list for PBXNativeTarget "iOS10Showtime" */;
			buildPhases = (
				180C856C1FB7811500C6D4E0 /* Sources */,
				180C856D1FB7811500C6D4E0 /* Frameworks */,
				180C856E1FB7811500C6D4E0 /* Resources */,
			);
			buildRules = (
			);
			dependencies = (
			);
			name = iOS10Showtime;
			productName = iOS10Showtime;
			productReference = 180C85701FB7811500C6D4E0 /* iOS10Showtime.app */;
			productType = "com.apple.product-type.application";
		};
/* End PBXNativeTarget section */

/* Begin PBXProject section */
		180C85681FB7811500C6D4E0 /* Project object */ = {
			isa = PBXProject;
			attributes = {
				LastSwiftUpdateCheck = 0910;
				LastUpgradeCheck = 0910;
				ORGANIZATIONNAME = Xu;
				TargetAttributes = {
					180C856F1FB7811500C6D4E0 = {
						CreatedOnToolsVersion = 9.1;
						ProvisioningStyle = Automatic;
					};
				};
			};
			buildConfigurationList = 180C856B1FB7811500C6D4E0 /* Build configuration list for PBXProject "iOS10Showtime" */;
			compatibilityVersion = "Xcode 8.0";
			developmentRegion = en;
			hasScannedForEncodings = 0;
			knownRegions = (
				en,
				Base,
			);
			mainGroup = 180C85671FB7811500C6D4E0;
			productRefGroup = 180C85711FB7811500C6D4E0 /* Products */;
			projectDirPath = "";
			projectRoot = "";
			targets = (
				180C856F1FB7811500C6D4E0 /* iOS10Showtime */,
			);
		};
/* End PBXProject section */

/* Begin PBXResourcesBuildPhase section */
		180C856E1FB7811500C6D4E0 /* Resources */ = {
			isa = PBXResourcesBuildPhase;
			buildActionMask = 2147483647;
			files = (
				180C857E1FB7811500C6D4E0 /* LaunchScreen.storyboard in Resources */,
				180C857B1FB7811500C6D4E0 /* Assets.xcassets in Resources */,
				180C85791FB7811500C6D4E0 /* Main.storyboard in Resources */,
			);
			runOnlyForDeploymentPostprocessing = 0;
		};
/* End PBXResourcesBuildPhase section */

/* Begin PBXSourcesBuildPhase section */
		180C856C1FB7811500C6D4E0 /* Sources */ = {
			isa = PBXSourcesBuildPhase;
			buildActionMask = 2147483647;
			files = (
				180C85761FB7811500C6D4E0 /* ViewController.swift in Sources */,
				180C85741FB7811500C6D4E0 /* AppDelegate.swift in Sources */,
			);
			runOnlyForDeploymentPostprocessing = 0;
		};
/* End PBXSourcesBuildPhase section */

/* Begin PBXVariantGroup section */
		180C85771FB7811500C6D4E0 /* Main.storyboard */ = {
			isa = PBXVariantGroup;
			children = (
				180C85781FB7811500C6D4E0 /* Base */,
			);
			name = Main.storyboard;
			sourceTree = "<group>";
		};
		180C857C1FB7811500C6D4E0 /* LaunchScreen.storyboard */ = {
			isa = PBXVariantGroup;
			children = (
				180C857D1FB7811500C6D4E0 /* Base */,
			);
			name = LaunchScreen.storyboard;
			sourceTree = "<group>";
		};
/* End PBXVariantGroup section */

/* Begin XCBuildConfiguration section */
		180C85801FB7811500C6D4E0 /* Debug */ = {
			isa = XCBuildConfiguration;
			buildSettings = {
				ALWAYS_SEARCH_USER_PATHS = NO;
				CLANG_ANALYZER_NONNULL = YES;
				CLANG_ANALYZER_NUMBER_OBJECT_CONVERSION = YES_AGGRESSIVE;
				CLANG_CXX_LANGUAGE_STANDARD = "gnu++14";
				CLANG_CXX_LIBRARY = "libc++";
				CLANG_ENABLE_MODULES = YES;
				CLANG_ENABLE_OBJC_ARC = YES;
				CLANG_WARN_BLOCK_CAPTURE_AUTORELEASING = YES;
				CLANG_WARN_BOOL_CONVERSION = YES;
				CLANG_WARN_COMMA = YES;
				CLANG_WARN_CONSTANT_CONVERSION = YES;
				CLANG_WARN_DIRECT_OBJC_ISA_USAGE = YES_ERROR;
				CLANG_WARN_DOCUMENTATION_COMMENTS = YES;
				CLANG_WARN_EMPTY_BODY = YES;
				CLANG_WARN_ENUM_CONVERSION = YES;
				CLANG_WARN_INFINITE_RECURSION = YES;
				CLANG_WARN_INT_CONVERSION = YES;
				CLANG_WARN_NON_LITERAL_NULL_CONVERSION = YES;
				CLANG_WARN_OBJC_LITERAL_CONVERSION = YES;
				CLANG_WARN_OBJC_ROOT_CLASS = YES_ERROR;
				CLANG_WARN_RANGE_LOOP_ANALYSIS = YES;
				CLANG_WARN_STRICT_PROTOTYPES = YES;
				CLANG_WARN_SUSPICIOUS_MOVE = YES;
				CLANG_WARN_UNGUARDED_AVAILABILITY = YES_AGGRESSIVE;
				CLANG_WARN_UNREACHABLE_CODE = YES;
				CLANG_WARN__DUPLICATE_METHOD_MATCH = YES;
				CODE_SIGN_IDENTITY = "iPhone Developer";
				COPY_PHASE_STRIP = NO;
				DEBUG_INFORMATION_FORMAT = dwarf;
				ENABLE_STRICT_OBJC_MSGSEND = YES;
				ENABLE_TESTABILITY = YES;
				GCC_C_LANGUAGE_STANDARD = gnu11;
				GCC_DYNAMIC_NO_PIC = NO;
				GCC_NO_COMMON_BLOCKS = YES;
				GCC_OPTIMIZATION_LEVEL = 0;
				GCC_PREPROCESSOR_DEFINITIONS = (
					"DEBUG=1",
					"$(inherited)",
				);
				GCC_WARN_64_TO_32_BIT_CONVERSION = YES;
				GCC_WARN_ABOUT_RETURN_TYPE = YES_ERROR;
				GCC_WARN_UNDECLARED_SELECTOR = YES;
				GCC_WARN_UNINITIALIZED_AUTOS = YES_AGGRESSIVE;
				GCC_WARN_UNUSED_FUNCTION = YES;
				GCC_WARN_UNUSED_VARIABLE = YES;
				IPHONEOS_DEPLOYMENT_TARGET = 11.1;
				MTL_ENABLE_DEBUG_INFO = YES;
				ONLY_ACTIVE_ARCH = YES;
				SDKROOT = iphoneos;
				SWIFT_ACTIVE_COMPILATION_CONDITIONS = DEBUG;
				SWIFT_OPTIMIZATION_LEVEL = "-Onone";
			};
			name = Debug;
		};
		180C85811FB7811500C6D4E0 /* Release */ = {
			isa = XCBuildConfiguration;
			buildSettings = {
				ALWAYS_SEARCH_USER_PATHS = NO;
				CLANG_ANALYZER_NONNULL = YES;
				CLANG_ANALYZER_NUMBER_OBJECT_CONVERSION = YES_AGGRESSIVE;
				CLANG_CXX_LANGUAGE_STANDARD = "gnu++14";
				CLANG_CXX_LIBRARY = "libc++";
				CLANG_ENABLE_MODULES = YES;
				CLANG_ENABLE_OBJC_ARC = YES;
				CLANG_WARN_BLOCK_CAPTURE_AUTORELEASING = YES;
				CLANG_WARN_BOOL_CONVERSION = YES;
				CLANG_WARN_COMMA = YES;
				CLANG_WARN_CONSTANT_CONVERSION = YES;
				CLANG_WARN_DIRECT_OBJC_ISA_USAGE = YES_ERROR;
				CLANG_WARN_DOCUMENTATION_COMMENTS = YES;
				CLANG_WARN_EMPTY_BODY = YES;
				CLANG_WARN_ENUM_CONVERSION = YES;
				CLANG_WARN_INFINITE_RECURSION = YES;
				CLANG_WARN_INT_CONVERSION = YES;
				CLANG_WARN_NON_LITERAL_NULL_CONVERSION = YES;
				CLANG_WARN_OBJC_LITERAL_CONVERSION = YES;
				CLANG_WARN_OBJC_ROOT_CLASS = YES_ERROR;
				CLANG_WARN_RANGE_LOOP_ANALYSIS = YES;
				CLANG_WARN_STRICT_PROTOTYPES = YES;
				CLANG_WARN_SUSPICIOUS_MOVE = YES;
				CLANG_WARN_UNGUARDED_AVAILABILITY = YES_AGGRESSIVE;
				CLANG_WARN_UNREACHABLE_CODE = YES;
				CLANG_WARN__DUPLICATE_METHOD_MATCH = YES;
				CODE_SIGN_IDENTITY = "iPhone Developer";
				COPY_PHASE_STRIP = NO;
				DEBUG_INFORMATION_FORMAT = "dwarf-with-dsym";
				ENABLE_NS_ASSERTIONS = NO;
				ENABLE_STRICT_OBJC_MSGSEND = YES;
				GCC_C_LANGUAGE_STANDARD = gnu11;
				GCC_NO_COMMON_BLOCKS = YES;
				GCC_WARN_64_TO_32_BIT_CONVERSION = YES;
				GCC_WARN_ABOUT_RETURN_TYPE = YES_ERROR;
				GCC_WARN_UNDECLARED_SELECTOR = YES;
				GCC_WARN_UNINITIALIZED_AUTOS = YES_AGGRESSIVE;
				GCC_WARN_UNUSED_FUNCTION = YES;
				GCC_WARN_UNUSED_VARIABLE = YES;
				IPHONEOS_DEPLOYMENT_TARGET = 11.1;
				MTL_ENABLE_DEBUG_INFO = NO;
				SDKROOT = iphoneos;
				SWIFT_OPTIMIZATION_LEVEL = "-Owholemodule";
				VALIDATE_PRODUCT = YES;
			};
			name = Release;
		};
		180C85831FB7811500C6D4E0 /* Debug */ = {
			isa = XCBuildConfiguration;
			buildSettings = {
				ASSETCATALOG_COMPILER_APPICON_NAME = AppIcon;
				CODE_SIGN_STYLE = Automatic;
				INFOPLIST_FILE = iOS10Showtime/Info.plist;
				LD_RUNPATH_SEARCH_PATHS = "$(inherited) @executable_path/Frameworks";
				PRODUCT_BUNDLE_IDENTIFIER = penn.iOS10Showtime;
				PRODUCT_NAME = "$(TARGET_NAME)";
				SWIFT_VERSION = 4.0;
				TARGETED_DEVICE_FAMILY = "1,2";
			};
			name = Debug;
		};
		180C85841FB7811500C6D4E0 /* Release */ = {
			isa = XCBuildConfiguration;
			buildSettings = {
				ASSETCATALOG_COMPILER_APPICON_NAME = AppIcon;
				CODE_SIGN_STYLE = Automatic;
				INFOPLIST_FILE = iOS10Showtime/Info.plist;
				LD_RUNPATH_SEARCH_PATHS = "$(inherited) @executable_path/Frameworks";
				PRODUCT_BUNDLE_IDENTIFIER = penn.iOS10Showtime;
				PRODUCT_NAME = "$(TARGET_NAME)";
				SWIFT_VERSION = 4.0;
				TARGETED_DEVICE_FAMILY = "1,2";
			};
			name = Release;
		};
/* End XCBuildConfiguration section */

/* Begin XCConfigurationList section */
		180C856B1FB7811500C6D4E0 /* Build configuration list for PBXProject "iOS10Showtime" */ = {
			isa = XCConfigurationList;
			buildConfigurations = (
				180C85801FB7811500C6D4E0 /* Debug */,
				180C85811FB7811500C6D4E0 /* Release */,
			);
			defaultConfigurationIsVisible = 0;
			defaultConfigurationName = Release;
		};
		180C85821FB7811500C6D4E0 /* Build configuration list for PBXNativeTarget "iOS10Showtime" */ = {
			isa = XCConfigurationList;
			buildConfigurations = (
				180C85831FB7811500C6D4E0 /* Debug */,
				180C85841FB7811500C6D4E0 /* Release */,
			);
			defaultConfigurationIsVisible = 0;
			defaultConfigurationName = Release;
		};
/* End XCConfigurationList section */
	};
	rootObject = 180C85681FB7811500C6D4E0 /* Project object */;
}
